
Microsoft Visual Studio Solution File, Format Version 12.00
# Visual Studio 2013
VisualStudioVersion = 12.0.31101.0
MinimumVisualStudioVersion = 10.0.40219.1
Project("{FAE04EC0-301F-11D3-BF4B-00C04F79EFBC}") = "SimpleTestAuditProject(Objects)", "Objects\SimpleTestAuditProject(Objects).csproj", "{C489E7B5-FCF9-4B8F-830B-76F40B39B629}"
EndProject
Project("{FAE04EC0-301F-11D3-BF4B-00C04F79EFBC}") = "SimpleTestAuditProject(ODataBackend)", "ODataBackend\SimpleTestAuditProject(ODataBackend).csproj", "{036E6165-516D-4236-AB12-46E41FC1F861}"
EndProject
Global
	GlobalSection(SolutionConfigurationPlatforms) = preSolution
Debug|Any CPU = Debug|Any CPU
Release|Any CPU = Release|Any CPU
	EndGlobalSection
	GlobalSection(ProjectConfigurationPlatforms) = postSolution
		{C489E7B5-FCF9-4B8F-830B-76F40B39B629}.Debug|Any CPU.ActiveCfg = Debug|Any CPU
		{C489E7B5-FCF9-4B8F-830B-76F40B39B629}.Debug|Any CPU.Build.0 = Debug|Any CPU
		{C489E7B5-FCF9-4B8F-830B-76F40B39B629}.Release|Any CPU.ActiveCfg = Release|Any CPU
		{C489E7B5-FCF9-4B8F-830B-76F40B39B629}.Release|Any CPU.Build.0 = Release|Any CPU
		{036E6165-516D-4236-AB12-46E41FC1F861}.Debug|Any CPU.ActiveCfg = Debug|Any CPU
		{036E6165-516D-4236-AB12-46E41FC1F861}.Debug|Any CPU.Build.0 = Debug|Any CPU
		{036E6165-516D-4236-AB12-46E41FC1F861}.Release|Any CPU.ActiveCfg = Release|Any CPU
		{036E6165-516D-4236-AB12-46E41FC1F861}.Release|Any CPU.Build.0 = Release|Any CPU
	EndGlobalSection
	GlobalSection(SolutionProperties) = preSolution
		HideSolutionNode = FALSE
	EndGlobalSection
EndGlobal
