
Microsoft Visual Studio Solution File, Format Version 12.00
# Visual Studio 2013
VisualStudioVersion = 12.0.31101.0
MinimumVisualStudioVersion = 10.0.40219.1
Project("{FAE04EC0-301F-11D3-BF4B-00C04F79EFBC}") = "AuditTestStand(Objects)", "Objects\AuditTestStand(Objects).csproj", "{6C0E6938-C542-4041-9307-00FA21845C78}"
EndProject
Project("{FAE04EC0-301F-11D3-BF4B-00C04F79EFBC}") = "AuditTestStand(ODataBackend)", "ODataBackend\AuditTestStand(ODataBackend).csproj", "{34CB197D-3996-47CB-9B7F-F449A142B9CA}"
EndProject
Global
	GlobalSection(SolutionConfigurationPlatforms) = preSolution
Debug|Any CPU = Debug|Any CPU
Release|Any CPU = Release|Any CPU
	EndGlobalSection
	GlobalSection(ProjectConfigurationPlatforms) = postSolution
		{6C0E6938-C542-4041-9307-00FA21845C78}.Debug|Any CPU.ActiveCfg = Debug|Any CPU
		{6C0E6938-C542-4041-9307-00FA21845C78}.Debug|Any CPU.Build.0 = Debug|Any CPU
		{6C0E6938-C542-4041-9307-00FA21845C78}.Release|Any CPU.ActiveCfg = Release|Any CPU
		{6C0E6938-C542-4041-9307-00FA21845C78}.Release|Any CPU.Build.0 = Release|Any CPU
		{34CB197D-3996-47CB-9B7F-F449A142B9CA}.Debug|Any CPU.ActiveCfg = Debug|Any CPU
		{34CB197D-3996-47CB-9B7F-F449A142B9CA}.Debug|Any CPU.Build.0 = Debug|Any CPU
		{34CB197D-3996-47CB-9B7F-F449A142B9CA}.Release|Any CPU.ActiveCfg = Release|Any CPU
		{34CB197D-3996-47CB-9B7F-F449A142B9CA}.Release|Any CPU.Build.0 = Release|Any CPU
	EndGlobalSection
	GlobalSection(SolutionProperties) = preSolution
		HideSolutionNode = FALSE
	EndGlobalSection
EndGlobal
